{
  "name": "uas-visdat",
  "lockfileVersion": 3,
  "requires": true,
  "packages": {
    "": {
      "dependencies": {
        "@turf/bbox": "^7.4.0",
        "@turf/rewind": "^7.4.0"
      }
    },
    "node_modules/@turf/bbox": {
      "version": "7.4.0",
      "resolved": "https://registry.npmjs.org/@turf/bbox/-/bbox-7.4.0.tgz",
      "integrity": "sha512-yOX9lALc2GmjYUIE99+nRj7eZA7eDtx7Ixu/hrgIo+YqHvL1reaPVTC9rQWMHMm0pH0/WHjzk8uOpAHjptrudQ==",
      "license": "MIT",
      "dependencies": {
        "@turf/helpers": "7.4.0",
        "@turf/meta": "7.4.0",
        "@types/geojson": "^7946.0.10",
        "tslib": "^2.8.1"
      },
      "funding": {
        "url": "https://opencollective.com/turf"
      }
    },
    "node_modules/@turf/boolean-clockwise": {
      "version": "7.4.0",
      "resolved": "https://registry.npmjs.org/@turf/boolean-clockwise/-/boolean-clockwise-7.4.0.tgz",
      "integrity": "sha512-3wO+W9P63JZMK1Ud5ER0kKXpiZaeXkOR5Omq5USKlPcopwZ6TP/mJjt8lUYYWsB2WGDXuUhlYmSVec43z3wwow==",
      "license": "MIT",
      "dependencies": {
        "@turf/helpers": "7.4.0",
        "@turf/invariant": "7.4.0",
        "@types/geojson": "^7946.0.10",
        "tslib": "^2.8.1"
      },
      "funding": {
        "url": "https://opencollective.com/turf"
      }
    },
    "node_modules/@turf/clone": {
      "version": "7.4.0",
      "resolved": "https://registry.npmjs.org/@turf/clone/-/clone-7.4.0.tgz",
      "integrity": "sha512-IfYnuil7XYJauy3crzIYEr26QkmBiTgFdGfYwUUe3S6dawX+lyb3vhuaYyssEPcCJq83g0G7hwxZy7141Mmzjg==",
      "license": "MIT",
      "dependencies": {
        "@turf/helpers": "7.4.0",
        "@types/geojson": "^7946.0.10",
        "tslib": "^2.8.1"
      },
      "funding": {
        "url": "https://opencollective.com/turf"
      }
    },
    "node_modules/@turf/helpers": {
      "version": "7.4.0",
      "resolved": "https://registry.npmjs.org/@turf/helpers/-/helpers-7.4.0.tgz",
      "integrity": "sha512-7PAwLZqOdRzTI5g9bHvUwlloAXPDH/mlajtryk0tw4ZwGMtmXsAyF4QundsAMfy4u48Fyd3AUqMXY0SMxqJGWg==",
      "license": "MIT",
      "dependencies": {
        "@types/geojson": "^7946.0.10",
        "tslib": "^2.8.1"
      },
      "funding": {
        "url": "https://opencollective.com/turf"
      }
    },
    "node_modules/@turf/invariant": {
      "version": "7.4.0",
      "resolved": "https://registry.npmjs.org/@turf/invariant/-/invariant-7.4.0.tgz",
      "integrity": "sha512-OAsc3qdNx+tRqzWmMNFMnVlWWACIqnYqIejZKvb2oKkKPYJJrURPXZ6OdrGD58ljJMolLoqwIZGSx3VndaEjxg==",
      "license": "MIT",
      "dependencies": {
        "@turf/helpers": "7.4.0",
        "@types/geojson": "^7946.0.10",
        "tslib": "^2.8.1"
      },
      "funding": {
        "url": "https://opencollective.com/turf"
      }
    },
    "node_modules/@turf/meta": {
      "version": "7.4.0",
      "resolved": "https://registry.npmjs.org/@turf/meta/-/meta-7.4.0.tgz",
      "integrity": "sha512-3cLUvlEyDuSnMSzrjhaLAEiYR8xhbfWyTVQlrlEw40xL81d4KF4PqUWbjTXKpXZStdYbet2GCurl79KMypNw6g==",
      "license": "MIT",
      "dependencies": {
        "@turf/helpers": "7.4.0",
        "@types/geojson": "^7946.0.10",
        "tslib": "^2.8.1"
      },
      "funding": {
        "url": "https://opencollective.com/turf"
      }
    },
    "node_modules/@turf/rewind": {
      "version": "7.4.0",
      "resolved": "https://registry.npmjs.org/@turf/rewind/-/rewind-7.4.0.tgz",
      "integrity": "sha512-Q2qOcLzymxXyIAYXM9BZQT09L63EhzgneCBMka0dPf9jVShxMeA3oF1kY20ChWkZvTGOAbM7YU9hghphbCxo2w==",
      "license": "MIT",
      "dependencies": {
        "@turf/boolean-clockwise": "7.4.0",
        "@turf/clone": "7.4.0",
        "@turf/helpers": "7.4.0",
        "@turf/invariant": "7.4.0",
        "@turf/meta": "7.4.0",
        "@types/geojson": "^7946.0.10",
        "tslib": "^2.8.1"
      },
      "funding": {
        "url": "https://opencollective.com/turf"
      }
    },
    "node_modules/@types/geojson": {
      "version": "7946.0.16",
      "resolved": "https://registry.npmjs.org/@types/geojson/-/geojson-7946.0.16.tgz",
      "integrity": "sha512-6C8nqWur3j98U6+lXDfTUWIfgvZU+EumvpHKcYjujKH7woYyLj2sUmff0tRhrqM7BohUw7Pz3ZB1jj2gW9Fvmg==",
      "license": "MIT"
    },
    "node_modules/tslib": {
      "version": "2.8.1",
      "resolved": "https://registry.npmjs.org/tslib/-/tslib-2.8.1.tgz",
      "integrity": "sha512-oJFu94HQb+KVduSUQL7wnpmqnfmLsOA/nAh6b6EH0wCEoK0/mPeXU6c3wKDV83MkOuHPRHtSXKKU99IBazS/2w==",
      "license": "0BSD"
    }
  }
}
